
Microsoft Visual Studio Solution File, Format Version 12.00
# Visual Studio Version 17
VisualStudioVersion = 17.5.002.0
MinimumVisualStudioVersion = 10.0.40219.1
Project("{9A19103F-16F7-4668-BE54-9A1E7A4F7556}") = "az204-auth", "az204-auth.csproj", "{911BE98D-3A1A-49F7-8502-DAEEB0588C51}"
EndProject
Global
	GlobalSection(SolutionConfigurationPlatforms) = preSolution
		Debug|Any CPU = Debug|Any CPU
		Release|Any CPU = Release|Any CPU
	EndGlobalSection
	GlobalSection(ProjectConfigurationPlatforms) = postSolution
		{911BE98D-3A1A-49F7-8502-DAEEB0588C51}.Debug|Any CPU.ActiveCfg = Debug|Any CPU
		{911BE98D-3A1A-49F7-8502-DAEEB0588C51}.Debug|Any CPU.Build.0 = Debug|Any CPU
		{911BE98D-3A1A-49F7-8502-DAEEB0588C51}.Release|Any CPU.ActiveCfg = Release|Any CPU
		{911BE98D-3A1A-49F7-8502-DAEEB0588C51}.Release|Any CPU.Build.0 = Release|Any CPU
	EndGlobalSection
	GlobalSection(SolutionProperties) = preSolution
		HideSolutionNode = FALSE
	EndGlobalSection
	GlobalSection(ExtensibilityGlobals) = postSolution
		SolutionGuid = {560AF3A2-C6ED-4B9B-B828-9C5CED27175E}
	EndGlobalSection
EndGlobal
