
Microsoft Visual Studio Solution File, Format Version 12.00
# Visual Studio Version 17
VisualStudioVersion = 17.0.31903.59
MinimumVisualStudioVersion = 10.0.40219.1
Project("{2150E333-8FDC-42A3-9474-1A3956D46DE8}") = "src", "src", "{F0E5EB7C-CF54-43F8-B355-D9331C5BCFBE}"
EndProject
Project("{FAE04EC0-301F-11D3-BF4B-00C04F79EFBC}") = "Consumer", "src\Consumer\Consumer.csproj", "{9A1ACDAE-86E7-4274-A64F-4B1349F40D9E}"
EndProject
Project("{FAE04EC0-301F-11D3-BF4B-00C04F79EFBC}") = "Publisher", "src\Publisher\Publisher.csproj", "{843A537B-1E3C-425C-8861-0F6DCFDEFE07}"
EndProject
Project("{FAE04EC0-301F-11D3-BF4B-00C04F79EFBC}") = "Domain", "src\Domain\Domain.csproj", "{6A254135-224B-4DCD-8202-31B86B2F3B9D}"
EndProject
Global
	GlobalSection(SolutionConfigurationPlatforms) = preSolution
		Debug|Any CPU = Debug|Any CPU
		Release|Any CPU = Release|Any CPU
	EndGlobalSection
	GlobalSection(SolutionProperties) = preSolution
		HideSolutionNode = FALSE
	EndGlobalSection
	GlobalSection(ProjectConfigurationPlatforms) = postSolution
		{9A1ACDAE-86E7-4274-A64F-4B1349F40D9E}.Debug|Any CPU.ActiveCfg = Debug|Any CPU
		{9A1ACDAE-86E7-4274-A64F-4B1349F40D9E}.Debug|Any CPU.Build.0 = Debug|Any CPU
		{9A1ACDAE-86E7-4274-A64F-4B1349F40D9E}.Release|Any CPU.ActiveCfg = Release|Any CPU
		{9A1ACDAE-86E7-4274-A64F-4B1349F40D9E}.Release|Any CPU.Build.0 = Release|Any CPU
		{843A537B-1E3C-425C-8861-0F6DCFDEFE07}.Debug|Any CPU.ActiveCfg = Debug|Any CPU
		{843A537B-1E3C-425C-8861-0F6DCFDEFE07}.Debug|Any CPU.Build.0 = Debug|Any CPU
		{843A537B-1E3C-425C-8861-0F6DCFDEFE07}.Release|Any CPU.ActiveCfg = Release|Any CPU
		{843A537B-1E3C-425C-8861-0F6DCFDEFE07}.Release|Any CPU.Build.0 = Release|Any CPU
		{6A254135-224B-4DCD-8202-31B86B2F3B9D}.Debug|Any CPU.ActiveCfg = Debug|Any CPU
		{6A254135-224B-4DCD-8202-31B86B2F3B9D}.Debug|Any CPU.Build.0 = Debug|Any CPU
		{6A254135-224B-4DCD-8202-31B86B2F3B9D}.Release|Any CPU.ActiveCfg = Release|Any CPU
		{6A254135-224B-4DCD-8202-31B86B2F3B9D}.Release|Any CPU.Build.0 = Release|Any CPU
	EndGlobalSection
	GlobalSection(NestedProjects) = preSolution
		{9A1ACDAE-86E7-4274-A64F-4B1349F40D9E} = {F0E5EB7C-CF54-43F8-B355-D9331C5BCFBE}
		{843A537B-1E3C-425C-8861-0F6DCFDEFE07} = {F0E5EB7C-CF54-43F8-B355-D9331C5BCFBE}
		{6A254135-224B-4DCD-8202-31B86B2F3B9D} = {F0E5EB7C-CF54-43F8-B355-D9331C5BCFBE}
	EndGlobalSection
EndGlobal
