
Microsoft Visual Studio Solution File, Format Version 12.00
# Visual Studio Version 17
VisualStudioVersion = 17.0.31903.59
MinimumVisualStudioVersion = 10.0.40219.1
Project("{2150E333-8FDC-42A3-9474-1A3956D46DE8}") = "src", "src", "{EB1B60E9-2EAE-46EA-B7AC-003C739F591C}"
EndProject
Project("{2150E333-8FDC-42A3-9474-1A3956D46DE8}") = "Publisher", "Publisher", "{3409468F-C870-47FF-ACE8-F59E0F7313B6}"
EndProject
Project("{FAE04EC0-301F-11D3-BF4B-00C04F79EFBC}") = "Publisher.csproj", "src\Publisher\Publisher.csproj\Publisher.csproj.csproj", "{65E4B5A9-55AE-46AF-8B00-95B2CC1294D8}"
EndProject
Project("{2150E333-8FDC-42A3-9474-1A3956D46DE8}") = "Consumer", "Consumer", "{CB89C1FC-D6B5-4FDF-9E29-50DFB9E468E6}"
EndProject
Project("{FAE04EC0-301F-11D3-BF4B-00C04F79EFBC}") = "Consumer.csproj", "src\Consumer\Consumer.csproj\Consumer.csproj.csproj", "{0DE69F74-09F8-4C9F-81FA-45C01801E860}"
EndProject
Project("{2150E333-8FDC-42A3-9474-1A3956D46DE8}") = "Solution Items", "Solution Items", "{BE2A70F1-4E60-4B36-A2B6-5130D383662F}"
	ProjectSection(SolutionItems) = preProject
		.env = .env
		create-infrastructure.sh = create-infrastructure.sh
	EndProjectSection
EndProject
Project("{2150E333-8FDC-42A3-9474-1A3956D46DE8}") = "doc", "doc", "{E0E10704-00B3-4661-B900-7B7CF40B832F}"
	ProjectSection(SolutionItems) = preProject
		doc\readme.md = doc\readme.md
	EndProjectSection
EndProject
Global
	GlobalSection(SolutionConfigurationPlatforms) = preSolution
		Debug|Any CPU = Debug|Any CPU
		Release|Any CPU = Release|Any CPU
	EndGlobalSection
	GlobalSection(ProjectConfigurationPlatforms) = postSolution
		{65E4B5A9-55AE-46AF-8B00-95B2CC1294D8}.Debug|Any CPU.ActiveCfg = Debug|Any CPU
		{65E4B5A9-55AE-46AF-8B00-95B2CC1294D8}.Debug|Any CPU.Build.0 = Debug|Any CPU
		{65E4B5A9-55AE-46AF-8B00-95B2CC1294D8}.Release|Any CPU.ActiveCfg = Release|Any CPU
		{65E4B5A9-55AE-46AF-8B00-95B2CC1294D8}.Release|Any CPU.Build.0 = Release|Any CPU
		{0DE69F74-09F8-4C9F-81FA-45C01801E860}.Debug|Any CPU.ActiveCfg = Debug|Any CPU
		{0DE69F74-09F8-4C9F-81FA-45C01801E860}.Debug|Any CPU.Build.0 = Debug|Any CPU
		{0DE69F74-09F8-4C9F-81FA-45C01801E860}.Release|Any CPU.ActiveCfg = Release|Any CPU
		{0DE69F74-09F8-4C9F-81FA-45C01801E860}.Release|Any CPU.Build.0 = Release|Any CPU
	EndGlobalSection
	GlobalSection(SolutionProperties) = preSolution
		HideSolutionNode = FALSE
	EndGlobalSection
	GlobalSection(NestedProjects) = preSolution
		{3409468F-C870-47FF-ACE8-F59E0F7313B6} = {EB1B60E9-2EAE-46EA-B7AC-003C739F591C}
		{65E4B5A9-55AE-46AF-8B00-95B2CC1294D8} = {3409468F-C870-47FF-ACE8-F59E0F7313B6}
		{CB89C1FC-D6B5-4FDF-9E29-50DFB9E468E6} = {EB1B60E9-2EAE-46EA-B7AC-003C739F591C}
		{0DE69F74-09F8-4C9F-81FA-45C01801E860} = {CB89C1FC-D6B5-4FDF-9E29-50DFB9E468E6}
	EndGlobalSection
EndGlobal
